
Microsoft Visual Studio Solution File, Format Version 12.00
# Visual Studio 15
VisualStudioVersion = 15.0.27130.2036
MinimumVisualStudioVersion = 10.0.40219.1
Project("{FAE04EC0-301F-11D3-BF4B-00C04F79EFBC}") = "QoniacTestTaskService", "QoniacTestTaskService\QoniacTestTaskService.csproj", "{77B0507B-02C9-4455-834D-A58A2D1CC103}"
EndProject
Project("{FAE04EC0-301F-11D3-BF4B-00C04F79EFBC}") = "BusinessServices", "BusinessServices\BusinessServices.csproj", "{A1F28529-166E-4D7D-BC2E-6EF91678FA67}"
EndProject
Project("{FAE04EC0-301F-11D3-BF4B-00C04F79EFBC}") = "BusinessCommon", "BusinessCommon\BusinessCommon.csproj", "{63A830C1-0AD4-4B0A-884A-7F13C739DB14}"
EndProject
Project("{FAE04EC0-301F-11D3-BF4B-00C04F79EFBC}") = "UnitTests", "UnitTests\UnitTests.csproj", "{1F07404C-FBC1-4CF7-A444-1646B5762A24}"
EndProject
Global
	GlobalSection(SolutionConfigurationPlatforms) = preSolution
		Debug|Any CPU = Debug|Any CPU
		Release|Any CPU = Release|Any CPU
	EndGlobalSection
	GlobalSection(ProjectConfigurationPlatforms) = postSolution
		{77B0507B-02C9-4455-834D-A58A2D1CC103}.Debug|Any CPU.ActiveCfg = Debug|Any CPU
		{77B0507B-02C9-4455-834D-A58A2D1CC103}.Debug|Any CPU.Build.0 = Debug|Any CPU
		{77B0507B-02C9-4455-834D-A58A2D1CC103}.Release|Any CPU.ActiveCfg = Release|Any CPU
		{77B0507B-02C9-4455-834D-A58A2D1CC103}.Release|Any CPU.Build.0 = Release|Any CPU
		{A1F28529-166E-4D7D-BC2E-6EF91678FA67}.Debug|Any CPU.ActiveCfg = Debug|Any CPU
		{A1F28529-166E-4D7D-BC2E-6EF91678FA67}.Debug|Any CPU.Build.0 = Debug|Any CPU
		{A1F28529-166E-4D7D-BC2E-6EF91678FA67}.Release|Any CPU.ActiveCfg = Release|Any CPU
		{A1F28529-166E-4D7D-BC2E-6EF91678FA67}.Release|Any CPU.Build.0 = Release|Any CPU
		{63A830C1-0AD4-4B0A-884A-7F13C739DB14}.Debug|Any CPU.ActiveCfg = Debug|Any CPU
		{63A830C1-0AD4-4B0A-884A-7F13C739DB14}.Debug|Any CPU.Build.0 = Debug|Any CPU
		{63A830C1-0AD4-4B0A-884A-7F13C739DB14}.Release|Any CPU.ActiveCfg = Release|Any CPU
		{63A830C1-0AD4-4B0A-884A-7F13C739DB14}.Release|Any CPU.Build.0 = Release|Any CPU
		{1F07404C-FBC1-4CF7-A444-1646B5762A24}.Debug|Any CPU.ActiveCfg = Debug|Any CPU
		{1F07404C-FBC1-4CF7-A444-1646B5762A24}.Debug|Any CPU.Build.0 = Debug|Any CPU
		{1F07404C-FBC1-4CF7-A444-1646B5762A24}.Release|Any CPU.ActiveCfg = Release|Any CPU
		{1F07404C-FBC1-4CF7-A444-1646B5762A24}.Release|Any CPU.Build.0 = Release|Any CPU
	EndGlobalSection
	GlobalSection(SolutionProperties) = preSolution
		HideSolutionNode = FALSE
	EndGlobalSection
	GlobalSection(ExtensibilityGlobals) = postSolution
		SolutionGuid = {6783F013-8C86-4CCC-9B14-C894B55E4E64}
	EndGlobalSection
EndGlobal
